// !$*UTF8*$!
{
	archiveVersion = 1;
	classes = {
	};
	objectVersion = 50;
	objects = {

/* Begin PBXBuildFile section */
		980D6CE521C3A1EF00846323 /* Array2D.swift in Sources */ = {isa = PBXBuildFile; fileRef = 980D6CE421C3A1EF00846323 /* Array2D.swift */; };
		980D6CE721C3A55200846323 /* Block.swift in Sources */ = {isa = PBXBuildFile; fileRef = 980D6CE621C3A55200846323 /* Block.swift */; };
		980D6CE921C3A74A00846323 /* Shape.swift in Sources */ = {isa = PBXBuildFile; fileRef = 980D6CE821C3A74A00846323 /* Shape.swift */; };
		98E235B321C27CD100544A81 /* AppDelegate.swift in Sources */ = {isa = PBXBuildFile; fileRef = 98E235B221C27CD100544A81 /* AppDelegate.swift */; };
		98E235B721C27CD100544A81 /* Actions.sks in Resources */ = {isa = PBXBuildFile; fileRef = 98E235B621C27CD100544A81 /* Actions.sks */; };
		98E235B921C27CD100544A81 /* GameScene.swift in Sources */ = {isa = PBXBuildFile; fileRef = 98E235B821C27CD100544A81 /* GameScene.swift */; };
		98E235BB21C27CD100544A81 /* GameViewController.swift in Sources */ = {isa = PBXBuildFile; fileRef = 98E235BA21C27CD100544A81 /* GameViewController.swift */; };
		98E235BE21C27CD100544A81 /* Main.storyboard in Resources */ = {isa = PBXBuildFile; fileRef = 98E235BC21C27CD100544A81 /* Main.storyboard */; };
		98E235C021C27CD200544A81 /* Assets.xcassets in Resources */ = {isa = PBXBuildFile; fileRef = 98E235BF21C27CD200544A81 /* Assets.xcassets */; };
		98E235C321C27CD200544A81 /* LaunchScreen.storyboard in Resources */ = {isa = PBXBuildFile; fileRef = 98E235C121C27CD200544A81 /* LaunchScreen.storyboard */; };
/* End PBXBuildFile section */

/* Begin PBXFileReference section */
		980D6CE421C3A1EF00846323 /* Array2D.swift */ = {isa = PBXFileReference; lastKnownFileType = sourcecode.swift; path = Array2D.swift; sourceTree = "<group>"; };
		980D6CE621C3A55200846323 /* Block.swift */ = {isa = PBXFileReference; lastKnownFileType = sourcecode.swift; path = Block.swift; sourceTree = "<group>"; };
		980D6CE821C3A74A00846323 /* Shape.swift */ = {isa = PBXFileReference; lastKnownFileType = sourcecode.swift; path = Shape.swift; sourceTree = "<group>"; };
		98E235AF21C27CD100544A81 /* Swifttrix.app */ = {isa = PBXFileReference; explicitFileType = wrapper.application; includeInIndex = 0; path = Swifttrix.app; sourceTree = BUILT_PRODUCTS_DIR; };
		98E235B221C27CD100544A81 /* AppDelegate.swift */ = {isa = PBXFileReference; lastKnownFileType = sourcecode.swift; path = AppDelegate.swift; sourceTree = "<group>"; };
		98E235B621C27CD100544A81 /* Actions.sks */ = {isa = PBXFileReference; lastKnownFileType = file.sks; path = Actions.sks; sourceTree = "<group>"; };
		98E235B821C27CD100544A81 /* GameScene.swift */ = {isa = PBXFileReference; lastKnownFileType = sourcecode.swift; path = GameScene.swift; sourceTree = "<group>"; };
		98E235BA21C27CD100544A81 /* GameViewController.swift */ = {isa = PBXFileReference; lastKnownFileType = sourcecode.swift; path = GameViewController.swift; sourceTree = "<group>"; };
		98E235BD21C27CD100544A81 /* Base */ = {isa = PBXFileReference; lastKnownFileType = file.storyboard; name = Base; path = Base.lproj/Main.storyboard; sourceTree = "<group>"; };
		98E235BF21C27CD200544A81 /* Assets.xcassets */ = {isa = PBXFileReference; lastKnownFileType = folder.assetcatalog; path = Assets.xcassets; sourceTree = "<group>"; };
		98E235C221C27CD200544A81 /* Base */ = {isa = PBXFileReference; lastKnownFileType = file.storyboard; name = Base; path = Base.lproj/LaunchScreen.storyboard; sourceTree = "<group>"; };
		98E235C421C27CD200544A81 /* Info.plist */ = {isa = PBXFileReference; lastKnownFileType = text.plist.xml; path = Info.plist; sourceTree = "<group>"; };
/* End PBXFileReference section */

/* Begin PBXFrameworksBuildPhase section */
		98E235AC21C27CD100544A81 /* Frameworks */ = {
			isa = PBXFrameworksBuildPhase;
			buildActionMask = 2147483647;
			files = (
			);
			runOnlyForDeploymentPostprocessing = 0;
		};
/* End PBXFrameworksBuildPhase section */

/* Begin PBXGroup section */
		98E235A621C27CD100544A81 = {
			isa = PBXGroup;
			children = (
				98E235B121C27CD100544A81 /* Swifttrix */,
				98E235B021C27CD100544A81 /* Products */,
			);
			sourceTree = "<group>";
		};
		98E235B021C27CD100544A81 /* Products */ = {
			isa = PBXGroup;
			children = (
				98E235AF21C27CD100544A81 /* Swifttrix.app */,
			);
			name = Products;
			sourceTree = "<group>";
		};
		98E235B121C27CD100544A81 /* Swifttrix */ = {
			isa = PBXGroup;
			children = (
				98E235B221C27CD100544A81 /* AppDelegate.swift */,
				98E235B621C27CD100544A81 /* Actions.sks */,
				98E235B821C27CD100544A81 /* GameScene.swift */,
				98E235BA21C27CD100544A81 /* GameViewController.swift */,
				980D6CE621C3A55200846323 /* Block.swift */,
				980D6CE821C3A74A00846323 /* Shape.swift */,
				980D6CE421C3A1EF00846323 /* Array2D.swift */,
				98E235BC21C27CD100544A81 /* Main.storyboard */,
				98E235BF21C27CD200544A81 /* Assets.xcassets */,
				98E235C121C27CD200544A81 /* LaunchScreen.storyboard */,
				98E235C421C27CD200544A81 /* Info.plist */,
			);
			path = Swifttrix;
			sourceTree = "<group>";
		};
/* End PBXGroup section */

/* Begin PBXNativeTarget section */
		98E235AE21C27CD100544A81 /* Swifttrix */ = {
			isa = PBXNativeTarget;
			buildConfigurationList = 98E235C721C27CD200544A81 /* Build configuration list for PBXNativeTarget "Swifttrix" */;
			buildPhases = (
				98E235AB21C27CD100544A81 /* Sources */,
				98E235AC21C27CD100544A81 /* Frameworks */,
				98E235AD21C27CD100544A81 /* Resources */,
			);
			buildRules = (
			);
			dependencies = (
			);
			name = Swifttrix;
			productName = Swifttrix;
			productReference = 98E235AF21C27CD100544A81 /* Swifttrix.app */;
			productType = "com.apple.product-type.application";
		};
/* End PBXNativeTarget section */

/* Begin PBXProject section */
		98E235A721C27CD100544A81 /* Project object */ = {
			isa = PBXProject;
			attributes = {
				LastSwiftUpdateCheck = 1010;
				LastUpgradeCheck = 1010;
				ORGANIZATIONNAME = CircleTable;
				TargetAttributes = {
					98E235AE21C27CD100544A81 = {
						CreatedOnToolsVersion = 10.1;
					};
				};
			};
			buildConfigurationList = 98E235AA21C27CD100544A81 /* Build configuration list for PBXProject "Swifttrix" */;
			compatibilityVersion = "Xcode 9.3";
			developmentRegion = en;
			hasScannedForEncodings = 0;
			knownRegions = (
				en,
				Base,
			);
			mainGroup = 98E235A621C27CD100544A81;
			productRefGroup = 98E235B021C27CD100544A81 /* Products */;
			projectDirPath = "";
			projectRoot = "";
			targets = (
				98E235AE21C27CD100544A81 /* Swifttrix */,
			);
		};
/* End PBXProject section */

/* Begin PBXResourcesBuildPhase section */
		98E235AD21C27CD100544A81 /* Resources */ = {
			isa = PBXResourcesBuildPhase;
			buildActionMask = 2147483647;
			files = (
				98E235BE21C27CD100544A81 /* Main.storyboard in Resources */,
				98E235C021C27CD200544A81 /* Assets.xcassets in Resources */,
				98E235C321C27CD200544A81 /* LaunchScreen.storyboard in Resources */,
				98E235B721C27CD100544A81 /* Actions.sks in Resources */,
			);
			runOnlyForDeploymentPostprocessing = 0;
		};
/* End PBXResourcesBuildPhase section */

/* Begin PBXSourcesBuildPhase section */
		98E235AB21C27CD100544A81 /* Sources */ = {
			isa = PBXSourcesBuildPhase;
			buildActionMask = 2147483647;
			files = (
				98E235B921C27CD100544A81 /* GameScene.swift in Sources */,
				980D6CE921C3A74A00846323 /* Shape.swift in Sources */,
				980D6CE521C3A1EF00846323 /* Array2D.swift in Sources */,
				980D6CE721C3A55200846323 /* Block.swift in Sources */,
				98E235BB21C27CD100544A81 /* GameViewController.swift in Sources */,
				98E235B321C27CD100544A81 /* AppDelegate.swift in Sources */,
			);
			runOnlyForDeploymentPostprocessing = 0;
		};
/* End PBXSourcesBuildPhase section */

/* Begin PBXVariantGroup section */
		98E235BC21C27CD100544A81 /* Main.storyboard */ = {
			isa = PBXVariantGroup;
			children = (
				98E235BD21C27CD100544A81 /* Base */,
			);
			name = Main.storyboard;
			sourceTree = "<group>";
		};
		98E235C121C27CD200544A81 /* LaunchScreen.storyboard */ = {
			isa = PBXVariantGroup;
			children = (
				98E235C221C27CD200544A81 /* Base */,
			);
			name = LaunchScreen.storyboard;
			sourceTree = "<group>";
		};
/* End PBXVariantGroup section */

/* Begin XCBuildConfiguration section */
		98E235C521C27CD200544A81 /* Debug */ = {
			isa = XCBuildConfiguration;
			buildSettings = {
				ALWAYS_SEARCH_USER_PATHS = NO;
				CLANG_ANALYZER_NONNULL = YES;
				CLANG_ANALYZER_NUMBER_OBJECT_CONVERSION = YES_AGGRESSIVE;
				CLANG_CXX_LANGUAGE_STANDARD = "gnu++14";
				CLANG_CXX_LIBRARY = "libc++";
				CLANG_ENABLE_MODULES = YES;
				CLANG_ENABLE_OBJC_ARC = YES;
				CLANG_ENABLE_OBJC_WEAK = YES;
				CLANG_WARN_BLOCK_CAPTURE_AUTORELEASING = YES;
				CLANG_WARN_BOOL_CONVERSION = YES;
				CLANG_WARN_COMMA = YES;
				CLANG_WARN_CONSTANT_CONVERSION = YES;
				CLANG_WARN_DEPRECATED_OBJC_IMPLEMENTATIONS = YES;
				CLANG_WARN_DIRECT_OBJC_ISA_USAGE = YES_ERROR;
				CLANG_WARN_DOCUMENTATION_COMMENTS = YES;
				CLANG_WARN_EMPTY_BODY = YES;
				CLANG_WARN_ENUM_CONVERSION = YES;
				CLANG_WARN_INFINITE_RECURSION = YES;
				CLANG_WARN_INT_CONVERSION = YES;
				CLANG_WARN_NON_LITERAL_NULL_CONVERSION = YES;
				CLANG_WARN_OBJC_IMPLICIT_RETAIN_SELF = YES;
				CLANG_WARN_OBJC_LITERAL_CONVERSION = YES;
				CLANG_WARN_OBJC_ROOT_CLASS = YES_ERROR;
				CLANG_WARN_RANGE_LOOP_ANALYSIS = YES;
				CLANG_WARN_STRICT_PROTOTYPES = YES;
				CLANG_WARN_SUSPICIOUS_MOVE = YES;
				CLANG_WARN_UNGUARDED_AVAILABILITY = YES_AGGRESSIVE;
				CLANG_WARN_UNREACHABLE_CODE = YES;
				CLANG_WARN__DUPLICATE_METHOD_MATCH = YES;
				CODE_SIGN_IDENTITY = "iPhone Developer";
				COPY_PHASE_STRIP = NO;
				DEBUG_INFORMATION_FORMAT = dwarf;
				ENABLE_STRICT_OBJC_MSGSEND = YES;
				ENABLE_TESTABILITY = YES;
				GCC_C_LANGUAGE_STANDARD = gnu11;
				GCC_DYNAMIC_NO_PIC = NO;
				GCC_NO_COMMON_BLOCKS = YES;
				GCC_OPTIMIZATION_LEVEL = 0;
				GCC_PREPROCESSOR_DEFINITIONS = (
					"DEBUG=1",
					"$(inherited)",
				);
				GCC_WARN_64_TO_32_BIT_CONVERSION = YES;
				GCC_WARN_ABOUT_RETURN_TYPE = YES_ERROR;
				GCC_WARN_UNDECLARED_SELECTOR = YES;
				GCC_WARN_UNINITIALIZED_AUTOS = YES_AGGRESSIVE;
				GCC_WARN_UNUSED_FUNCTION = YES;
				GCC_WARN_UNUSED_VARIABLE = YES;
				IPHONEOS_DEPLOYMENT_TARGET = 12.1;
				MTL_ENABLE_DEBUG_INFO = INCLUDE_SOURCE;
				MTL_FAST_MATH = YES;
				ONLY_ACTIVE_ARCH = YES;
				SDKROOT = iphoneos;
				SWIFT_ACTIVE_COMPILATION_CONDITIONS = DEBUG;
				SWIFT_OPTIMIZATION_LEVEL = "-Onone";
			};
			name = Debug;
		};
		98E235C621C27CD200544A81 /* Release */ = {
			isa = XCBuildConfiguration;
			buildSettings = {
				ALWAYS_SEARCH_USER_PATHS = NO;
				CLANG_ANALYZER_NONNULL = YES;
				CLANG_ANALYZER_NUMBER_OBJECT_CONVERSION = YES_AGGRESSIVE;
				CLANG_CXX_LANGUAGE_STANDARD = "gnu++14";
				CLANG_CXX_LIBRARY = "libc++";
				CLANG_ENABLE_MODULES = YES;
				CLANG_ENABLE_OBJC_ARC = YES;
				CLANG_ENABLE_OBJC_WEAK = YES;
				CLANG_WARN_BLOCK_CAPTURE_AUTORELEASING = YES;
				CLANG_WARN_BOOL_CONVERSION = YES;
				CLANG_WARN_COMMA = YES;
				CLANG_WARN_CONSTANT_CONVERSION = YES;
				CLANG_WARN_DEPRECATED_OBJC_IMPLEMENTATIONS = YES;
				CLANG_WARN_DIRECT_OBJC_ISA_USAGE = YES_ERROR;
				CLANG_WARN_DOCUMENTATION_COMMENTS = YES;
				CLANG_WARN_EMPTY_BODY = YES;
				CLANG_WARN_ENUM_CONVERSION = YES;
				CLANG_WARN_INFINITE_RECURSION = YES;
				CLANG_WARN_INT_CONVERSION = YES;
				CLANG_WARN_NON_LITERAL_NULL_CONVERSION = YES;
				CLANG_WARN_OBJC_IMPLICIT_RETAIN_SELF = YES;
				CLANG_WARN_OBJC_LITERAL_CONVERSION = YES;
				CLANG_WARN_OBJC_ROOT_CLASS = YES_ERROR;
				CLANG_WARN_RANGE_LOOP_ANALYSIS = YES;
				CLANG_WARN_STRICT_PROTOTYPES = YES;
				CLANG_WARN_SUSPICIOUS_MOVE = YES;
				CLANG_WARN_UNGUARDED_AVAILABILITY = YES_AGGRESSIVE;
				CLANG_WARN_UNREACHABLE_CODE = YES;
				CLANG_WARN__DUPLICATE_METHOD_MATCH = YES;
				CODE_SIGN_IDENTITY = "iPhone Developer";
				COPY_PHASE_STRIP = NO;
				DEBUG_INFORMATION_FORMAT = "dwarf-with-dsym";
				ENABLE_NS_ASSERTIONS = NO;
				ENABLE_STRICT_OBJC_MSGSEND = YES;
				GCC_C_LANGUAGE_STANDARD = gnu11;
				GCC_NO_COMMON_BLOCKS = YES;
				GCC_WARN_64_TO_32_BIT_CONVERSION = YES;
				GCC_WARN_ABOUT_RETURN_TYPE = YES_ERROR;
				GCC_WARN_UNDECLARED_SELECTOR = YES;
				GCC_WARN_UNINITIALIZED_AUTOS = YES_AGGRESSIVE;
				GCC_WARN_UNUSED_FUNCTION = YES;
				GCC_WARN_UNUSED_VARIABLE = YES;
				IPHONEOS_DEPLOYMENT_TARGET = 12.1;
				MTL_ENABLE_DEBUG_INFO = NO;
				MTL_FAST_MATH = YES;
				SDKROOT = iphoneos;
				SWIFT_COMPILATION_MODE = wholemodule;
				SWIFT_OPTIMIZATION_LEVEL = "-O";
				VALIDATE_PRODUCT = YES;
			};
			name = Release;
		};
		98E235C821C27CD200544A81 /* Debug */ = {
			isa = XCBuildConfiguration;
			buildSettings = {
				ASSETCATALOG_COMPILER_APPICON_NAME = AppIcon;
				CODE_SIGN_STYLE = Automatic;
				DEVELOPMENT_TEAM = KJ4TR79PZ9;
				INFOPLIST_FILE = Swifttrix/Info.plist;
				LD_RUNPATH_SEARCH_PATHS = (
					"$(inherited)",
					"@executable_path/Frameworks",
				);
				PRODUCT_BUNDLE_IDENTIFIER = com.circletable.btcblock.Swifttrix;
				PRODUCT_NAME = "$(TARGET_NAME)";
				SWIFT_VERSION = 4.2;
				TARGETED_DEVICE_FAMILY = "1,2";
			};
			name = Debug;
		};
		98E235C921C27CD200544A81 /* Release */ = {
			isa = XCBuildConfiguration;
			buildSettings = {
				ASSETCATALOG_COMPILER_APPICON_NAME = AppIcon;
				CODE_SIGN_STYLE = Automatic;
				DEVELOPMENT_TEAM = KJ4TR79PZ9;
				INFOPLIST_FILE = Swifttrix/Info.plist;
				LD_RUNPATH_SEARCH_PATHS = (
					"$(inherited)",
					"@executable_path/Frameworks",
				);
				PRODUCT_BUNDLE_IDENTIFIER = com.circletable.btcblock.Swifttrix;
				PRODUCT_NAME = "$(TARGET_NAME)";
				SWIFT_VERSION = 4.2;
				TARGETED_DEVICE_FAMILY = "1,2";
			};
			name = Release;
		};
/* End XCBuildConfiguration section */

/* Begin XCConfigurationList section */
		98E235AA21C27CD100544A81 /* Build configuration list for PBXProject "Swifttrix" */ = {
			isa = XCConfigurationList;
			buildConfigurations = (
				98E235C521C27CD200544A81 /* Debug */,
				98E235C621C27CD200544A81 /* Release */,
			);
			defaultConfigurationIsVisible = 0;
			defaultConfigurationName = Release;
		};
		98E235C721C27CD200544A81 /* Build configuration list for PBXNativeTarget "Swifttrix" */ = {
			isa = XCConfigurationList;
			buildConfigurations = (
				98E235C821C27CD200544A81 /* Debug */,
				98E235C921C27CD200544A81 /* Release */,
			);
			defaultConfigurationIsVisible = 0;
			defaultConfigurationName = Release;
		};
/* End XCConfigurationList section */
	};
	rootObject = 98E235A721C27CD100544A81 /* Project object */;
}
